// !$*UTF8*$!
{
	archiveVersion = 1;
	classes = {
	};
	objectVersion = 56;
	objects = {

/* Begin PBXBuildFile section */
		CF4AF96A2D3495EB009E7F38 /* CMEAssessmentApp.swift in Sources */ = {isa = PBXBuildFile; fileRef = CF4AF9692D3495EB009E7F38 /* CMEAssessmentApp.swift */; };
		CF4AF96C2D3495EB009E7F38 /* ContentView.swift in Sources */ = {isa = PBXBuildFile; fileRef = CF4AF96B2D3495EB009E7F38 /* ContentView.swift */; };
		CF4AF96E2D3495EE009E7F38 /* Assets.xcassets in Resources */ = {isa = PBXBuildFile; fileRef = CF4AF96D2D3495EE009E7F38 /* Assets.xcassets */; };
		CF4AF9712D3495EE009E7F38 /* Preview Assets.xcassets in Resources */ = {isa = PBXBuildFile; fileRef = CF4AF9702D3495EE009E7F38 /* Preview Assets.xcassets */; };
		CF4AF97B2D3495EF009E7F38 /* CMEAssessmentTests.swift in Sources */ = {isa = PBXBuildFile; fileRef = CF4AF97A2D3495EF009E7F38 /* CMEAssessmentTests.swift */; };
		CF4AF9852D3495EF009E7F38 /* CMEAssessmentUITests.swift in Sources */ = {isa = PBXBuildFile; fileRef = CF4AF9842D3495EF009E7F38 /* CMEAssessmentUITests.swift */; };
		CF4AF9872D3495EF009E7F38 /* CMEAssessmentUITestsLaunchTests.swift in Sources */ = {isa = PBXBuildFile; fileRef = CF4AF9862D3495EF009E7F38 /* CMEAssessmentUITestsLaunchTests.swift */; };
		CF4AF9962D34962D009E7F38 /* NetworkManager.swift in Sources */ = {isa = PBXBuildFile; fileRef = CF4AF9952D34962D009E7F38 /* NetworkManager.swift */; };
		CF4AF9982D349653009E7F38 /* CountryService.swift in Sources */ = {isa = PBXBuildFile; fileRef = CF4AF9972D349653009E7F38 /* CountryService.swift */; };
		CF4AF99B2D3496FC009E7F38 /* Coordinator.swift in Sources */ = {isa = PBXBuildFile; fileRef = CF4AF99A2D3496FC009E7F38 /* Coordinator.swift */; };
		CF4AF9A02D34975C009E7F38 /* MainViewModel.swift in Sources */ = {isa = PBXBuildFile; fileRef = CF4AF99F2D34975C009E7F38 /* MainViewModel.swift */; };
		CF4AF9A32D349783009E7F38 /* MainView.swift in Sources */ = {isa = PBXBuildFile; fileRef = CF4AF9A22D349783009E7F38 /* MainView.swift */; };
		CF4AF9A62D3497D6009E7F38 /* DetailView.swift in Sources */ = {isa = PBXBuildFile; fileRef = CF4AF9A52D3497D6009E7F38 /* DetailView.swift */; };
		CF4AF9A92D349820009E7F38 /* SearchBar.swift in Sources */ = {isa = PBXBuildFile; fileRef = CF4AF9A82D349820009E7F38 /* SearchBar.swift */; };
		CF4AF9AC2D349A23009E7F38 /* Country.swift in Sources */ = {isa = PBXBuildFile; fileRef = CF4AF9AB2D349A23009E7F38 /* Country.swift */; };
		CF4AF9AE2D349A4C009E7F38 /* CountryDTO.swift in Sources */ = {isa = PBXBuildFile; fileRef = CF4AF9AD2D349A4C009E7F38 /* CountryDTO.swift */; };
		CF4AF9B02D349A62009E7F38 /* Country+Mapper.swift in Sources */ = {isa = PBXBuildFile; fileRef = CF4AF9AF2D349A62009E7F38 /* Country+Mapper.swift */; };
		CF4AF9B22D349AA3009E7F38 /* AppConstants.swift in Sources */ = {isa = PBXBuildFile; fileRef = CF4AF9B12D349AA3009E7F38 /* AppConstants.swift */; };
		CF4AF9B42D349B73009E7F38 /* CountryCardView.swift in Sources */ = {isa = PBXBuildFile; fileRef = CF4AF9B32D349B73009E7F38 /* CountryCardView.swift */; };
		CF4AF9B82D353A68009E7F38 /* View+Extension.swift in Sources */ = {isa = PBXBuildFile; fileRef = CF4AF9B72D353A68009E7F38 /* View+Extension.swift */; };
		CF4AF9BB2D35408D009E7F38 /* CountryManager.swift in Sources */ = {isa = PBXBuildFile; fileRef = CF4AF9BA2D35408D009E7F38 /* CountryManager.swift */; };
/* End PBXBuildFile section */

/* Begin PBXContainerItemProxy section */
		CF4AF9772D3495EF009E7F38 /* PBXContainerItemProxy */ = {
			isa = PBXContainerItemProxy;
			containerPortal = CF4AF95E2D3495EB009E7F38 /* Project object */;
			proxyType = 1;
			remoteGlobalIDString = CF4AF9652D3495EB009E7F38;
			remoteInfo = CMEAssessment;
		};
		CF4AF9812D3495EF009E7F38 /* PBXContainerItemProxy */ = {
			isa = PBXContainerItemProxy;
			containerPortal = CF4AF95E2D3495EB009E7F38 /* Project object */;
			proxyType = 1;
			remoteGlobalIDString = CF4AF9652D3495EB009E7F38;
			remoteInfo = CMEAssessment;
		};
/* End PBXContainerItemProxy section */

/* Begin PBXFileReference section */
		CF4AF9662D3495EB009E7F38 /* CMEAssessment.app */ = {isa = PBXFileReference; explicitFileType = wrapper.application; includeInIndex = 0; path = CMEAssessment.app; sourceTree = BUILT_PRODUCTS_DIR; };
		CF4AF9692D3495EB009E7F38 /* CMEAssessmentApp.swift */ = {isa = PBXFileReference; lastKnownFileType = sourcecode.swift; path = CMEAssessmentApp.swift; sourceTree = "<group>"; };
		CF4AF96B2D3495EB009E7F38 /* ContentView.swift */ = {isa = PBXFileReference; lastKnownFileType = sourcecode.swift; path = ContentView.swift; sourceTree = "<group>"; };
		CF4AF96D2D3495EE009E7F38 /* Assets.xcassets */ = {isa = PBXFileReference; lastKnownFileType = folder.assetcatalog; path = Assets.xcassets; sourceTree = "<group>"; };
		CF4AF9702D3495EE009E7F38 /* Preview Assets.xcassets */ = {isa = PBXFileReference; lastKnownFileType = folder.assetcatalog; path = "Preview Assets.xcassets"; sourceTree = "<group>"; };
		CF4AF9762D3495EF009E7F38 /* CMEAssessmentTests.xctest */ = {isa = PBXFileReference; explicitFileType = wrapper.cfbundle; includeInIndex = 0; path = CMEAssessmentTests.xctest; sourceTree = BUILT_PRODUCTS_DIR; };
		CF4AF97A2D3495EF009E7F38 /* CMEAssessmentTests.swift */ = {isa = PBXFileReference; lastKnownFileType = sourcecode.swift; path = CMEAssessmentTests.swift; sourceTree = "<group>"; };
		CF4AF9802D3495EF009E7F38 /* CMEAssessmentUITests.xctest */ = {isa = PBXFileReference; explicitFileType = wrapper.cfbundle; includeInIndex = 0; path = CMEAssessmentUITests.xctest; sourceTree = BUILT_PRODUCTS_DIR; };
		CF4AF9842D3495EF009E7F38 /* CMEAssessmentUITests.swift */ = {isa = PBXFileReference; lastKnownFileType = sourcecode.swift; path = CMEAssessmentUITests.swift; sourceTree = "<group>"; };
		CF4AF9862D3495EF009E7F38 /* CMEAssessmentUITestsLaunchTests.swift */ = {isa = PBXFileReference; lastKnownFileType = sourcecode.swift; path = CMEAssessmentUITestsLaunchTests.swift; sourceTree = "<group>"; };
		CF4AF9952D34962D009E7F38 /* NetworkManager.swift */ = {isa = PBXFileReference; lastKnownFileType = sourcecode.swift; path = NetworkManager.swift; sourceTree = "<group>"; };
		CF4AF9972D349653009E7F38 /* CountryService.swift */ = {isa = PBXFileReference; lastKnownFileType = sourcecode.swift; path = CountryService.swift; sourceTree = "<group>"; };
		CF4AF99A2D3496FC009E7F38 /* Coordinator.swift */ = {isa = PBXFileReference; lastKnownFileType = sourcecode.swift; path = Coordinator.swift; sourceTree = "<group>"; };
		CF4AF99F2D34975C009E7F38 /* MainViewModel.swift */ = {isa = PBXFileReference; lastKnownFileType = sourcecode.swift; path = MainViewModel.swift; sourceTree = "<group>"; };
		CF4AF9A22D349783009E7F38 /* MainView.swift */ = {isa = PBXFileReference; lastKnownFileType = sourcecode.swift; path = MainView.swift; sourceTree = "<group>"; };
		CF4AF9A52D3497D6009E7F38 /* DetailView.swift */ = {isa = PBXFileReference; lastKnownFileType = sourcecode.swift; path = DetailView.swift; sourceTree = "<group>"; };
		CF4AF9A82D349820009E7F38 /* SearchBar.swift */ = {isa = PBXFileReference; lastKnownFileType = sourcecode.swift; path = SearchBar.swift; sourceTree = "<group>"; };
		CF4AF9AB2D349A23009E7F38 /* Country.swift */ = {isa = PBXFileReference; lastKnownFileType = sourcecode.swift; path = Country.swift; sourceTree = "<group>"; };
		CF4AF9AD2D349A4C009E7F38 /* CountryDTO.swift */ = {isa = PBXFileReference; lastKnownFileType = sourcecode.swift; path = CountryDTO.swift; sourceTree = "<group>"; };
		CF4AF9AF2D349A62009E7F38 /* Country+Mapper.swift */ = {isa = PBXFileReference; lastKnownFileType = sourcecode.swift; path = "Country+Mapper.swift"; sourceTree = "<group>"; };
		CF4AF9B12D349AA3009E7F38 /* AppConstants.swift */ = {isa = PBXFileReference; lastKnownFileType = sourcecode.swift; path = AppConstants.swift; sourceTree = "<group>"; };
		CF4AF9B32D349B73009E7F38 /* CountryCardView.swift */ = {isa = PBXFileReference; lastKnownFileType = sourcecode.swift; path = CountryCardView.swift; sourceTree = "<group>"; };
		CF4AF9B72D353A68009E7F38 /* View+Extension.swift */ = {isa = PBXFileReference; lastKnownFileType = sourcecode.swift; path = "View+Extension.swift"; sourceTree = "<group>"; };
		CF4AF9BA2D35408D009E7F38 /* CountryManager.swift */ = {isa = PBXFileReference; lastKnownFileType = sourcecode.swift; path = CountryManager.swift; sourceTree = "<group>"; };
/* End PBXFileReference section */

/* Begin PBXFrameworksBuildPhase section */
		CF4AF9632D3495EB009E7F38 /* Frameworks */ = {
			isa = PBXFrameworksBuildPhase;
			buildActionMask = 2147483647;
			files = (
			);
			runOnlyForDeploymentPostprocessing = 0;
		};
		CF4AF9732D3495EF009E7F38 /* Frameworks */ = {
			isa = PBXFrameworksBuildPhase;
			buildActionMask = 2147483647;
			files = (
			);
			runOnlyForDeploymentPostprocessing = 0;
		};
		CF4AF97D2D3495EF009E7F38 /* Frameworks */ = {
			isa = PBXFrameworksBuildPhase;
			buildActionMask = 2147483647;
			files = (
			);
			runOnlyForDeploymentPostprocessing = 0;
		};
/* End PBXFrameworksBuildPhase section */

/* Begin PBXGroup section */
		CF4AF95D2D3495EB009E7F38 = {
			isa = PBXGroup;
			children = (
				CF4AF9682D3495EB009E7F38 /* CMEAssessment */,
				CF4AF9792D3495EF009E7F38 /* CMEAssessmentTests */,
				CF4AF9832D3495EF009E7F38 /* CMEAssessmentUITests */,
				CF4AF9672D3495EB009E7F38 /* Products */,
			);
			sourceTree = "<group>";
		};
		CF4AF9672D3495EB009E7F38 /* Products */ = {
			isa = PBXGroup;
			children = (
				CF4AF9662D3495EB009E7F38 /* CMEAssessment.app */,
				CF4AF9762D3495EF009E7F38 /* CMEAssessmentTests.xctest */,
				CF4AF9802D3495EF009E7F38 /* CMEAssessmentUITests.xctest */,
			);
			name = Products;
			sourceTree = "<group>";
		};
		CF4AF9682D3495EB009E7F38 /* CMEAssessment */ = {
			isa = PBXGroup;
			children = (
				CF4AF9B52D353A3B009E7F38 /* Extensions */,
				CF4AF9AA2D349A19009E7F38 /* Model */,
				CF4AF9932D34961A009E7F38 /* Network */,
				CF4AF9A72D349800009E7F38 /* Components */,
				CF4AF9992D3496ED009E7F38 /* Coordinator */,
				CF4AF99C2D349720009E7F38 /* Scenes */,
				CF4AF96B2D3495EB009E7F38 /* ContentView.swift */,
				CF4AF9692D3495EB009E7F38 /* CMEAssessmentApp.swift */,
				CF4AF96D2D3495EE009E7F38 /* Assets.xcassets */,
				CF4AF96F2D3495EE009E7F38 /* Preview Content */,
			);
			path = CMEAssessment;
			sourceTree = "<group>";
		};
		CF4AF96F2D3495EE009E7F38 /* Preview Content */ = {
			isa = PBXGroup;
			children = (
				CF4AF9702D3495EE009E7F38 /* Preview Assets.xcassets */,
			);
			path = "Preview Content";
			sourceTree = "<group>";
		};
		CF4AF9792D3495EF009E7F38 /* CMEAssessmentTests */ = {
			isa = PBXGroup;
			children = (
				CF4AF97A2D3495EF009E7F38 /* CMEAssessmentTests.swift */,
			);
			path = CMEAssessmentTests;
			sourceTree = "<group>";
		};
		CF4AF9832D3495EF009E7F38 /* CMEAssessmentUITests */ = {
			isa = PBXGroup;
			children = (
				CF4AF9842D3495EF009E7F38 /* CMEAssessmentUITests.swift */,
				CF4AF9862D3495EF009E7F38 /* CMEAssessmentUITestsLaunchTests.swift */,
			);
			path = CMEAssessmentUITests;
			sourceTree = "<group>";
		};
		CF4AF9932D34961A009E7F38 /* Network */ = {
			isa = PBXGroup;
			children = (
				CF4AF9952D34962D009E7F38 /* NetworkManager.swift */,
				CF4AF9972D349653009E7F38 /* CountryService.swift */,
				CF4AF9B12D349AA3009E7F38 /* AppConstants.swift */,
			);
			path = Network;
			sourceTree = "<group>";
		};
		CF4AF9992D3496ED009E7F38 /* Coordinator */ = {
			isa = PBXGroup;
			children = (
				CF4AF99A2D3496FC009E7F38 /* Coordinator.swift */,
			);
			path = Coordinator;
			sourceTree = "<group>";
		};
		CF4AF99C2D349720009E7F38 /* Scenes */ = {
			isa = PBXGroup;
			children = (
				CF4AF9A42D3497C2009E7F38 /* DetailsScene */,
				CF4AF99D2D34972C009E7F38 /* MainScene */,
			);
			path = Scenes;
			sourceTree = "<group>";
		};
		CF4AF99D2D34972C009E7F38 /* MainScene */ = {
			isa = PBXGroup;
			children = (
				CF4AF9B92D35407A009E7F38 /* Managers */,
				CF4AF99E2D34974B009E7F38 /* ViewModel */,
				CF4AF9A12D349772009E7F38 /* Views */,
			);
			path = MainScene;
			sourceTree = "<group>";
		};
		CF4AF99E2D34974B009E7F38 /* ViewModel */ = {
			isa = PBXGroup;
			children = (
				CF4AF99F2D34975C009E7F38 /* MainViewModel.swift */,
			);
			path = ViewModel;
			sourceTree = "<group>";
		};
		CF4AF9A12D349772009E7F38 /* Views */ = {
			isa = PBXGroup;
			children = (
				CF4AF9A22D349783009E7F38 /* MainView.swift */,
			);
			path = Views;
			sourceTree = "<group>";
		};
		CF4AF9A42D3497C2009E7F38 /* DetailsScene */ = {
			isa = PBXGroup;
			children = (
				CF4AF9A52D3497D6009E7F38 /* DetailView.swift */,
			);
			path = DetailsScene;
			sourceTree = "<group>";
		};
		CF4AF9A72D349800009E7F38 /* Components */ = {
			isa = PBXGroup;
			children = (
				CF4AF9A82D349820009E7F38 /* SearchBar.swift */,
				CF4AF9B32D349B73009E7F38 /* CountryCardView.swift */,
			);
			path = Components;
			sourceTree = "<group>";
		};
		CF4AF9AA2D349A19009E7F38 /* Model */ = {
			isa = PBXGroup;
			children = (
				CF4AF9AB2D349A23009E7F38 /* Country.swift */,
				CF4AF9AD2D349A4C009E7F38 /* CountryDTO.swift */,
				CF4AF9AF2D349A62009E7F38 /* Country+Mapper.swift */,
			);
			path = Model;
			sourceTree = "<group>";
		};
		CF4AF9B52D353A3B009E7F38 /* Extensions */ = {
			isa = PBXGroup;
			children = (
				CF4AF9B62D353A4B009E7F38 /* View+Extension */,
			);
			path = Extensions;
			sourceTree = "<group>";
		};
		CF4AF9B62D353A4B009E7F38 /* View+Extension */ = {
			isa = PBXGroup;
			children = (
				CF4AF9B72D353A68009E7F38 /* View+Extension.swift */,
			);
			path = "View+Extension";
			sourceTree = "<group>";
		};
		CF4AF9B92D35407A009E7F38 /* Managers */ = {
			isa = PBXGroup;
			children = (
				CF4AF9BA2D35408D009E7F38 /* CountryManager.swift */,
			);
			path = Managers;
			sourceTree = "<group>";
		};
/* End PBXGroup section */

/* Begin PBXNativeTarget section */
		CF4AF9652D3495EB009E7F38 /* CMEAssessment */ = {
			isa = PBXNativeTarget;
			buildConfigurationList = CF4AF98A2D3495EF009E7F38 /* Build configuration list for PBXNativeTarget "CMEAssessment" */;
			buildPhases = (
				CF4AF9622D3495EB009E7F38 /* Sources */,
				CF4AF9632D3495EB009E7F38 /* Frameworks */,
				CF4AF9642D3495EB009E7F38 /* Resources */,
			);
			buildRules = (
			);
			dependencies = (
			);
			name = CMEAssessment;
			productName = CMEAssessment;
			productReference = CF4AF9662D3495EB009E7F38 /* CMEAssessment.app */;
			productType = "com.apple.product-type.application";
		};
		CF4AF9752D3495EF009E7F38 /* CMEAssessmentTests */ = {
			isa = PBXNativeTarget;
			buildConfigurationList = CF4AF98D2D3495EF009E7F38 /* Build configuration list for PBXNativeTarget "CMEAssessmentTests" */;
			buildPhases = (
				CF4AF9722D3495EF009E7F38 /* Sources */,
				CF4AF9732D3495EF009E7F38 /* Frameworks */,
				CF4AF9742D3495EF009E7F38 /* Resources */,
			);
			buildRules = (
			);
			dependencies = (
				CF4AF9782D3495EF009E7F38 /* PBXTargetDependency */,
			);
			name = CMEAssessmentTests;
			productName = CMEAssessmentTests;
			productReference = CF4AF9762D3495EF009E7F38 /* CMEAssessmentTests.xctest */;
			productType = "com.apple.product-type.bundle.unit-test";
		};
		CF4AF97F2D3495EF009E7F38 /* CMEAssessmentUITests */ = {
			isa = PBXNativeTarget;
			buildConfigurationList = CF4AF9902D3495EF009E7F38 /* Build configuration list for PBXNativeTarget "CMEAssessmentUITests" */;
			buildPhases = (
				CF4AF97C2D3495EF009E7F38 /* Sources */,
				CF4AF97D2D3495EF009E7F38 /* Frameworks */,
				CF4AF97E2D3495EF009E7F38 /* Resources */,
			);
			buildRules = (
			);
			dependencies = (
				CF4AF9822D3495EF009E7F38 /* PBXTargetDependency */,
			);
			name = CMEAssessmentUITests;
			productName = CMEAssessmentUITests;
			productReference = CF4AF9802D3495EF009E7F38 /* CMEAssessmentUITests.xctest */;
			productType = "com.apple.product-type.bundle.ui-testing";
		};
/* End PBXNativeTarget section */

/* Begin PBXProject section */
		CF4AF95E2D3495EB009E7F38 /* Project object */ = {
			isa = PBXProject;
			attributes = {
				BuildIndependentTargetsInParallel = 1;
				LastSwiftUpdateCheck = 1540;
				LastUpgradeCheck = 1540;
				TargetAttributes = {
					CF4AF9652D3495EB009E7F38 = {
						CreatedOnToolsVersion = 15.4;
					};
					CF4AF9752D3495EF009E7F38 = {
						CreatedOnToolsVersion = 15.4;
						TestTargetID = CF4AF9652D3495EB009E7F38;
					};
					CF4AF97F2D3495EF009E7F38 = {
						CreatedOnToolsVersion = 15.4;
						TestTargetID = CF4AF9652D3495EB009E7F38;
					};
				};
			};
			buildConfigurationList = CF4AF9612D3495EB009E7F38 /* Build configuration list for PBXProject "CMEAssessment" */;
			compatibilityVersion = "Xcode 14.0";
			developmentRegion = en;
			hasScannedForEncodings = 0;
			knownRegions = (
				en,
				Base,
			);
			mainGroup = CF4AF95D2D3495EB009E7F38;
			productRefGroup = CF4AF9672D3495EB009E7F38 /* Products */;
			projectDirPath = "";
			projectRoot = "";
			targets = (
				CF4AF9652D3495EB009E7F38 /* CMEAssessment */,
				CF4AF9752D3495EF009E7F38 /* CMEAssessmentTests */,
				CF4AF97F2D3495EF009E7F38 /* CMEAssessmentUITests */,
			);
		};
/* End PBXProject section */

/* Begin PBXResourcesBuildPhase section */
		CF4AF9642D3495EB009E7F38 /* Resources */ = {
			isa = PBXResourcesBuildPhase;
			buildActionMask = 2147483647;
			files = (
				CF4AF9712D3495EE009E7F38 /* Preview Assets.xcassets in Resources */,
				CF4AF96E2D3495EE009E7F38 /* Assets.xcassets in Resources */,
			);
			runOnlyForDeploymentPostprocessing = 0;
		};
		CF4AF9742D3495EF009E7F38 /* Resources */ = {
			isa = PBXResourcesBuildPhase;
			buildActionMask = 2147483647;
			files = (
			);
			runOnlyForDeploymentPostprocessing = 0;
		};
		CF4AF97E2D3495EF009E7F38 /* Resources */ = {
			isa = PBXResourcesBuildPhase;
			buildActionMask = 2147483647;
			files = (
			);
			runOnlyForDeploymentPostprocessing = 0;
		};
/* End PBXResourcesBuildPhase section */

/* Begin PBXSourcesBuildPhase section */
		CF4AF9622D3495EB009E7F38 /* Sources */ = {
			isa = PBXSourcesBuildPhase;
			buildActionMask = 2147483647;
			files = (
				CF4AF9982D349653009E7F38 /* CountryService.swift in Sources */,
				CF4AF9B42D349B73009E7F38 /* CountryCardView.swift in Sources */,
				CF4AF9A62D3497D6009E7F38 /* DetailView.swift in Sources */,
				CF4AF9A32D349783009E7F38 /* MainView.swift in Sources */,
				CF4AF9962D34962D009E7F38 /* NetworkManager.swift in Sources */,
				CF4AF99B2D3496FC009E7F38 /* Coordinator.swift in Sources */,
				CF4AF9AE2D349A4C009E7F38 /* CountryDTO.swift in Sources */,
				CF4AF9B82D353A68009E7F38 /* View+Extension.swift in Sources */,
				CF4AF9A92D349820009E7F38 /* SearchBar.swift in Sources */,
				CF4AF9B02D349A62009E7F38 /* Country+Mapper.swift in Sources */,
				CF4AF96C2D3495EB009E7F38 /* ContentView.swift in Sources */,
				CF4AF96A2D3495EB009E7F38 /* CMEAssessmentApp.swift in Sources */,
				CF4AF9B22D349AA3009E7F38 /* AppConstants.swift in Sources */,
				CF4AF9AC2D349A23009E7F38 /* Country.swift in Sources */,
				CF4AF9BB2D35408D009E7F38 /* CountryManager.swift in Sources */,
				CF4AF9A02D34975C009E7F38 /* MainViewModel.swift in Sources */,
			);
			runOnlyForDeploymentPostprocessing = 0;
		};
		CF4AF9722D3495EF009E7F38 /* Sources */ = {
			isa = PBXSourcesBuildPhase;
			buildActionMask = 2147483647;
			files = (
				CF4AF97B2D3495EF009E7F38 /* CMEAssessmentTests.swift in Sources */,
			);
			runOnlyForDeploymentPostprocessing = 0;
		};
		CF4AF97C2D3495EF009E7F38 /* Sources */ = {
			isa = PBXSourcesBuildPhase;
			buildActionMask = 2147483647;
			files = (
				CF4AF9872D3495EF009E7F38 /* CMEAssessmentUITestsLaunchTests.swift in Sources */,
				CF4AF9852D3495EF009E7F38 /* CMEAssessmentUITests.swift in Sources */,
			);
			runOnlyForDeploymentPostprocessing = 0;
		};
/* End PBXSourcesBuildPhase section */

/* Begin PBXTargetDependency section */
		CF4AF9782D3495EF009E7F38 /* PBXTargetDependency */ = {
			isa = PBXTargetDependency;
			target = CF4AF9652D3495EB009E7F38 /* CMEAssessment */;
			targetProxy = CF4AF9772D3495EF009E7F38 /* PBXContainerItemProxy */;
		};
		CF4AF9822D3495EF009E7F38 /* PBXTargetDependency */ = {
			isa = PBXTargetDependency;
			target = CF4AF9652D3495EB009E7F38 /* CMEAssessment */;
			targetProxy = CF4AF9812D3495EF009E7F38 /* PBXContainerItemProxy */;
		};
/* End PBXTargetDependency section */

/* Begin XCBuildConfiguration section */
		CF4AF9882D3495EF009E7F38 /* Debug */ = {
			isa = XCBuildConfiguration;
			buildSettings = {
				ALWAYS_SEARCH_USER_PATHS = NO;
				ASSETCATALOG_COMPILER_GENERATE_SWIFT_ASSET_SYMBOL_EXTENSIONS = YES;
				CLANG_ANALYZER_NONNULL = YES;
				CLANG_ANALYZER_NUMBER_OBJECT_CONVERSION = YES_AGGRESSIVE;
				CLANG_CXX_LANGUAGE_STANDARD = "gnu++20";
				CLANG_ENABLE_MODULES = YES;
				CLANG_ENABLE_OBJC_ARC = YES;
				CLANG_ENABLE_OBJC_WEAK = YES;
				CLANG_WARN_BLOCK_CAPTURE_AUTORELEASING = YES;
				CLANG_WARN_BOOL_CONVERSION = YES;
				CLANG_WARN_COMMA = YES;
				CLANG_WARN_CONSTANT_CONVERSION = YES;
				CLANG_WARN_DEPRECATED_OBJC_IMPLEMENTATIONS = YES;
				CLANG_WARN_DIRECT_OBJC_ISA_USAGE = YES_ERROR;
				CLANG_WARN_DOCUMENTATION_COMMENTS = YES;
				CLANG_WARN_EMPTY_BODY = YES;
				CLANG_WARN_ENUM_CONVERSION = YES;
				CLANG_WARN_INFINITE_RECURSION = YES;
				CLANG_WARN_INT_CONVERSION = YES;
				CLANG_WARN_NON_LITERAL_NULL_CONVERSION = YES;
				CLANG_WARN_OBJC_IMPLICIT_RETAIN_SELF = YES;
				CLANG_WARN_OBJC_LITERAL_CONVERSION = YES;
				CLANG_WARN_OBJC_ROOT_CLASS = YES_ERROR;
				CLANG_WARN_QUOTED_INCLUDE_IN_FRAMEWORK_HEADER = YES;
				CLANG_WARN_RANGE_LOOP_ANALYSIS = YES;
				CLANG_WARN_STRICT_PROTOTYPES = YES;
				CLANG_WARN_SUSPICIOUS_MOVE = YES;
				CLANG_WARN_UNGUARDED_AVAILABILITY = YES_AGGRESSIVE;
				CLANG_WARN_UNREACHABLE_CODE = YES;
				CLANG_WARN__DUPLICATE_METHOD_MATCH = YES;
				COPY_PHASE_STRIP = NO;
				DEBUG_INFORMATION_FORMAT = dwarf;
				ENABLE_STRICT_OBJC_MSGSEND = YES;
				ENABLE_TESTABILITY = YES;
				ENABLE_USER_SCRIPT_SANDBOXING = YES;
				GCC_C_LANGUAGE_STANDARD = gnu17;
				GCC_DYNAMIC_NO_PIC = NO;
				GCC_NO_COMMON_BLOCKS = YES;
				GCC_OPTIMIZATION_LEVEL = 0;
				GCC_PREPROCESSOR_DEFINITIONS = (
					"DEBUG=1",
					"$(inherited)",
				);
				GCC_WARN_64_TO_32_BIT_CONVERSION = YES;
				GCC_WARN_ABOUT_RETURN_TYPE = YES_ERROR;
				GCC_WARN_UNDECLARED_SELECTOR = YES;
				GCC_WARN_UNINITIALIZED_AUTOS = YES_AGGRESSIVE;
				GCC_WARN_UNUSED_FUNCTION = YES;
				GCC_WARN_UNUSED_VARIABLE = YES;
				IPHONEOS_DEPLOYMENT_TARGET = 17.5;
				LOCALIZATION_PREFERS_STRING_CATALOGS = YES;
				MTL_ENABLE_DEBUG_INFO = INCLUDE_SOURCE;
				MTL_FAST_MATH = YES;
				ONLY_ACTIVE_ARCH = YES;
				SDKROOT = iphoneos;
				SWIFT_ACTIVE_COMPILATION_CONDITIONS = "DEBUG $(inherited)";
				SWIFT_OPTIMIZATION_LEVEL = "-Onone";
			};
			name = Debug;
		};
		CF4AF9892D3495EF009E7F38 /* Release */ = {
			isa = XCBuildConfiguration;
			buildSettings = {
				ALWAYS_SEARCH_USER_PATHS = NO;
				ASSETCATALOG_COMPILER_GENERATE_SWIFT_ASSET_SYMBOL_EXTENSIONS = YES;
				CLANG_ANALYZER_NONNULL = YES;
				CLANG_ANALYZER_NUMBER_OBJECT_CONVERSION = YES_AGGRESSIVE;
				CLANG_CXX_LANGUAGE_STANDARD = "gnu++20";
				CLANG_ENABLE_MODULES = YES;
				CLANG_ENABLE_OBJC_ARC = YES;
				CLANG_ENABLE_OBJC_WEAK = YES;
				CLANG_WARN_BLOCK_CAPTURE_AUTORELEASING = YES;
				CLANG_WARN_BOOL_CONVERSION = YES;
				CLANG_WARN_COMMA = YES;
				CLANG_WARN_CONSTANT_CONVERSION = YES;
				CLANG_WARN_DEPRECATED_OBJC_IMPLEMENTATIONS = YES;
				CLANG_WARN_DIRECT_OBJC_ISA_USAGE = YES_ERROR;
				CLANG_WARN_DOCUMENTATION_COMMENTS = YES;
				CLANG_WARN_EMPTY_BODY = YES;
				CLANG_WARN_ENUM_CONVERSION = YES;
				CLANG_WARN_INFINITE_RECURSION = YES;
				CLANG_WARN_INT_CONVERSION = YES;
				CLANG_WARN_NON_LITERAL_NULL_CONVERSION = YES;
				CLANG_WARN_OBJC_IMPLICIT_RETAIN_SELF = YES;
				CLANG_WARN_OBJC_LITERAL_CONVERSION = YES;
				CLANG_WARN_OBJC_ROOT_CLASS = YES_ERROR;
				CLANG_WARN_QUOTED_INCLUDE_IN_FRAMEWORK_HEADER = YES;
				CLANG_WARN_RANGE_LOOP_ANALYSIS = YES;
				CLANG_WARN_STRICT_PROTOTYPES = YES;
				CLANG_WARN_SUSPICIOUS_MOVE = YES;
				CLANG_WARN_UNGUARDED_AVAILABILITY = YES_AGGRESSIVE;
				CLANG_WARN_UNREACHABLE_CODE = YES;
				CLANG_WARN__DUPLICATE_METHOD_MATCH = YES;
				COPY_PHASE_STRIP = NO;
				DEBUG_INFORMATION_FORMAT = "dwarf-with-dsym";
				ENABLE_NS_ASSERTIONS = NO;
				ENABLE_STRICT_OBJC_MSGSEND = YES;
				ENABLE_USER_SCRIPT_SANDBOXING = YES;
				GCC_C_LANGUAGE_STANDARD = gnu17;
				GCC_NO_COMMON_BLOCKS = YES;
				GCC_WARN_64_TO_32_BIT_CONVERSION = YES;
				GCC_WARN_ABOUT_RETURN_TYPE = YES_ERROR;
				GCC_WARN_UNDECLARED_SELECTOR = YES;
				GCC_WARN_UNINITIALIZED_AUTOS = YES_AGGRESSIVE;
				GCC_WARN_UNUSED_FUNCTION = YES;
				GCC_WARN_UNUSED_VARIABLE = YES;
				IPHONEOS_DEPLOYMENT_TARGET = 17.5;
				LOCALIZATION_PREFERS_STRING_CATALOGS = YES;
				MTL_ENABLE_DEBUG_INFO = NO;
				MTL_FAST_MATH = YES;
				SDKROOT = iphoneos;
				SWIFT_COMPILATION_MODE = wholemodule;
				VALIDATE_PRODUCT = YES;
			};
			name = Release;
		};
		CF4AF98B2D3495EF009E7F38 /* Debug */ = {
			isa = XCBuildConfiguration;
			buildSettings = {
				ASSETCATALOG_COMPILER_APPICON_NAME = AppIcon;
				ASSETCATALOG_COMPILER_GLOBAL_ACCENT_COLOR_NAME = AccentColor;
				CODE_SIGN_STYLE = Automatic;
				CURRENT_PROJECT_VERSION = 1;
				DEVELOPMENT_ASSET_PATHS = "\"CMEAssessment/Preview Content\"";
				DEVELOPMENT_TEAM = B4W5A5S353;
				ENABLE_PREVIEWS = YES;
				GENERATE_INFOPLIST_FILE = YES;
				INFOPLIST_KEY_UIApplicationSceneManifest_Generation = YES;
				INFOPLIST_KEY_UIApplicationSupportsIndirectInputEvents = YES;
				INFOPLIST_KEY_UILaunchScreen_Generation = YES;
				INFOPLIST_KEY_UISupportedInterfaceOrientations_iPad = "UIInterfaceOrientationPortrait UIInterfaceOrientationPortraitUpsideDown UIInterfaceOrientationLandscapeLeft UIInterfaceOrientationLandscapeRight";
				INFOPLIST_KEY_UISupportedInterfaceOrientations_iPhone = "UIInterfaceOrientationPortrait UIInterfaceOrientationLandscapeLeft UIInterfaceOrientationLandscapeRight";
				LD_RUNPATH_SEARCH_PATHS = (
					"$(inherited)",
					"@executable_path/Frameworks",
				);
				MARKETING_VERSION = 1.0;
				PRODUCT_BUNDLE_IDENTIFIER = wefky.CMEAssessment;
				PRODUCT_NAME = "$(TARGET_NAME)";
				SWIFT_EMIT_LOC_STRINGS = YES;
				SWIFT_VERSION = 5.0;
				TARGETED_DEVICE_FAMILY = "1,2";
			};
			name = Debug;
		};
		CF4AF98C2D3495EF009E7F38 /* Release */ = {
			isa = XCBuildConfiguration;
			buildSettings = {
				ASSETCATALOG_COMPILER_APPICON_NAME = AppIcon;
				ASSETCATALOG_COMPILER_GLOBAL_ACCENT_COLOR_NAME = AccentColor;
				CODE_SIGN_STYLE = Automatic;
				CURRENT_PROJECT_VERSION = 1;
				DEVELOPMENT_ASSET_PATHS = "\"CMEAssessment/Preview Content\"";
				DEVELOPMENT_TEAM = B4W5A5S353;
				ENABLE_PREVIEWS = YES;
				GENERATE_INFOPLIST_FILE = YES;
				INFOPLIST_KEY_UIApplicationSceneManifest_Generation = YES;
				INFOPLIST_KEY_UIApplicationSupportsIndirectInputEvents = YES;
				INFOPLIST_KEY_UILaunchScreen_Generation = YES;
				INFOPLIST_KEY_UISupportedInterfaceOrientations_iPad = "UIInterfaceOrientationPortrait UIInterfaceOrientationPortraitUpsideDown UIInterfaceOrientationLandscapeLeft UIInterfaceOrientationLandscapeRight";
				INFOPLIST_KEY_UISupportedInterfaceOrientations_iPhone = "UIInterfaceOrientationPortrait UIInterfaceOrientationLandscapeLeft UIInterfaceOrientationLandscapeRight";
				LD_RUNPATH_SEARCH_PATHS = (
					"$(inherited)",
					"@executable_path/Frameworks",
				);
				MARKETING_VERSION = 1.0;
				PRODUCT_BUNDLE_IDENTIFIER = wefky.CMEAssessment;
				PRODUCT_NAME = "$(TARGET_NAME)";
				SWIFT_EMIT_LOC_STRINGS = YES;
				SWIFT_VERSION = 5.0;
				TARGETED_DEVICE_FAMILY = "1,2";
			};
			name = Release;
		};
		CF4AF98E2D3495EF009E7F38 /* Debug */ = {
			isa = XCBuildConfiguration;
			buildSettings = {
				ALWAYS_EMBED_SWIFT_STANDARD_LIBRARIES = YES;
				BUNDLE_LOADER = "$(TEST_HOST)";
				CODE_SIGN_STYLE = Automatic;
				CURRENT_PROJECT_VERSION = 1;
				DEVELOPMENT_TEAM = B4W5A5S353;
				GENERATE_INFOPLIST_FILE = YES;
				IPHONEOS_DEPLOYMENT_TARGET = 17.5;
				MARKETING_VERSION = 1.0;
				PRODUCT_BUNDLE_IDENTIFIER = wefky.CMEAssessmentTests;
				PRODUCT_NAME = "$(TARGET_NAME)";
				SWIFT_EMIT_LOC_STRINGS = NO;
				SWIFT_VERSION = 5.0;
				TARGETED_DEVICE_FAMILY = "1,2";
				TEST_HOST = "$(BUILT_PRODUCTS_DIR)/CMEAssessment.app/$(BUNDLE_EXECUTABLE_FOLDER_PATH)/CMEAssessment";
			};
			name = Debug;
		};
		CF4AF98F2D3495EF009E7F38 /* Release */ = {
			isa = XCBuildConfiguration;
			buildSettings = {
				ALWAYS_EMBED_SWIFT_STANDARD_LIBRARIES = YES;
				BUNDLE_LOADER = "$(TEST_HOST)";
				CODE_SIGN_STYLE = Automatic;
				CURRENT_PROJECT_VERSION = 1;
				DEVELOPMENT_TEAM = B4W5A5S353;
				GENERATE_INFOPLIST_FILE = YES;
				IPHONEOS_DEPLOYMENT_TARGET = 17.5;
				MARKETING_VERSION = 1.0;
				PRODUCT_BUNDLE_IDENTIFIER = wefky.CMEAssessmentTests;
				PRODUCT_NAME = "$(TARGET_NAME)";
				SWIFT_EMIT_LOC_STRINGS = NO;
				SWIFT_VERSION = 5.0;
				TARGETED_DEVICE_FAMILY = "1,2";
				TEST_HOST = "$(BUILT_PRODUCTS_DIR)/CMEAssessment.app/$(BUNDLE_EXECUTABLE_FOLDER_PATH)/CMEAssessment";
			};
			name = Release;
		};
		CF4AF9912D3495EF009E7F38 /* Debug */ = {
			isa = XCBuildConfiguration;
			buildSettings = {
				ALWAYS_EMBED_SWIFT_STANDARD_LIBRARIES = YES;
				CODE_SIGN_STYLE = Automatic;
				CURRENT_PROJECT_VERSION = 1;
				DEVELOPMENT_TEAM = B4W5A5S353;
				GENERATE_INFOPLIST_FILE = YES;
				MARKETING_VERSION = 1.0;
				PRODUCT_BUNDLE_IDENTIFIER = wefky.CMEAssessmentUITests;
				PRODUCT_NAME = "$(TARGET_NAME)";
				SWIFT_EMIT_LOC_STRINGS = NO;
				SWIFT_VERSION = 5.0;
				TARGETED_DEVICE_FAMILY = "1,2";
				TEST_TARGET_NAME = CMEAssessment;
			};
			name = Debug;
		};
		CF4AF9922D3495EF009E7F38 /* Release */ = {
			isa = XCBuildConfiguration;
			buildSettings = {
				ALWAYS_EMBED_SWIFT_STANDARD_LIBRARIES = YES;
				CODE_SIGN_STYLE = Automatic;
				CURRENT_PROJECT_VERSION = 1;
				DEVELOPMENT_TEAM = B4W5A5S353;
				GENERATE_INFOPLIST_FILE = YES;
				MARKETING_VERSION = 1.0;
				PRODUCT_BUNDLE_IDENTIFIER = wefky.CMEAssessmentUITests;
				PRODUCT_NAME = "$(TARGET_NAME)";
				SWIFT_EMIT_LOC_STRINGS = NO;
				SWIFT_VERSION = 5.0;
				TARGETED_DEVICE_FAMILY = "1,2";
				TEST_TARGET_NAME = CMEAssessment;
			};
			name = Release;
		};
/* End XCBuildConfiguration section */

/* Begin XCConfigurationList section */
		CF4AF9612D3495EB009E7F38 /* Build configuration list for PBXProject "CMEAssessment" */ = {
			isa = XCConfigurationList;
			buildConfigurations = (
				CF4AF9882D3495EF009E7F38 /* Debug */,
				CF4AF9892D3495EF009E7F38 /* Release */,
			);
			defaultConfigurationIsVisible = 0;
			defaultConfigurationName = Release;
		};
		CF4AF98A2D3495EF009E7F38 /* Build configuration list for PBXNativeTarget "CMEAssessment" */ = {
			isa = XCConfigurationList;
			buildConfigurations = (
				CF4AF98B2D3495EF009E7F38 /* Debug */,
				CF4AF98C2D3495EF009E7F38 /* Release */,
			);
			defaultConfigurationIsVisible = 0;
			defaultConfigurationName = Release;
		};
		CF4AF98D2D3495EF009E7F38 /* Build configuration list for PBXNativeTarget "CMEAssessmentTests" */ = {
			isa = XCConfigurationList;
			buildConfigurations = (
				CF4AF98E2D3495EF009E7F38 /* Debug */,
				CF4AF98F2D3495EF009E7F38 /* Release */,
			);
			defaultConfigurationIsVisible = 0;
			defaultConfigurationName = Release;
		};
		CF4AF9902D3495EF009E7F38 /* Build configuration list for PBXNativeTarget "CMEAssessmentUITests" */ = {
			isa = XCConfigurationList;
			buildConfigurations = (
				CF4AF9912D3495EF009E7F38 /* Debug */,
				CF4AF9922D3495EF009E7F38 /* Release */,
			);
			defaultConfigurationIsVisible = 0;
			defaultConfigurationName = Release;
		};
/* End XCConfigurationList section */
	};
	rootObject = CF4AF95E2D3495EB009E7F38 /* Project object */;
}
